
Microsoft Visual Studio Solution File, Format Version 12.00
# Visual Studio Version 17
VisualStudioVersion = 17.12.35527.113
MinimumVisualStudioVersion = 10.0.40219.1
Project("{FAE04EC0-301F-11D3-BF4B-00C04F79EFBC}") = "E-Tax", "E-Tax\E-Tax.csproj", "{FE05A49D-A6CF-402B-A6C1-7DCAA8E6C246}"
EndProject
Global
	GlobalSection(SolutionConfigurationPlatforms) = preSolution
		Debug|Any CPU = Debug|Any CPU
		Release|Any CPU = Release|Any CPU
	EndGlobalSection
	GlobalSection(ProjectConfigurationPlatforms) = postSolution
		{FE05A49D-A6CF-402B-A6C1-7DCAA8E6C246}.Debug|Any CPU.ActiveCfg = Debug|Any CPU
		{FE05A49D-A6CF-402B-A6C1-7DCAA8E6C246}.Debug|Any CPU.Build.0 = Debug|Any CPU
		{FE05A49D-A6CF-402B-A6C1-7DCAA8E6C246}.Release|Any CPU.ActiveCfg = Release|Any CPU
		{FE05A49D-A6CF-402B-A6C1-7DCAA8E6C246}.Release|Any CPU.Build.0 = Release|Any CPU
	EndGlobalSection
	GlobalSection(SolutionProperties) = preSolution
		HideSolutionNode = FALSE
	EndGlobalSection
	GlobalSection(ExtensibilityGlobals) = postSolution
		SolutionGuid = {C72B9531-DF1D-4CD2-A420-FAF54D5D7506}
	EndGlobalSection
EndGlobal
